
Microsoft Visual Studio Solution File, Format Version 12.00
# Visual Studio Version 17
VisualStudioVersion = 17.5.002.0
MinimumVisualStudioVersion = 10.0.40219.1
Project("{9A19103F-16F7-4668-BE54-9A1E7A4F7556}") = "office-logistics-managament-cqrs-second-service", "office-logistics-managament-cqrs-second-service.csproj", "{90D10420-0CED-4D7D-9453-B7E9ECFCA74B}"
EndProject
Global
	GlobalSection(SolutionConfigurationPlatforms) = preSolution
		Debug|Any CPU = Debug|Any CPU
		Release|Any CPU = Release|Any CPU
	EndGlobalSection
	GlobalSection(ProjectConfigurationPlatforms) = postSolution
		{90D10420-0CED-4D7D-9453-B7E9ECFCA74B}.Debug|Any CPU.ActiveCfg = Debug|Any CPU
		{90D10420-0CED-4D7D-9453-B7E9ECFCA74B}.Debug|Any CPU.Build.0 = Debug|Any CPU
		{90D10420-0CED-4D7D-9453-B7E9ECFCA74B}.Release|Any CPU.ActiveCfg = Release|Any CPU
		{90D10420-0CED-4D7D-9453-B7E9ECFCA74B}.Release|Any CPU.Build.0 = Release|Any CPU
	EndGlobalSection
	GlobalSection(SolutionProperties) = preSolution
		HideSolutionNode = FALSE
	EndGlobalSection
	GlobalSection(ExtensibilityGlobals) = postSolution
		SolutionGuid = {989204DB-B6A4-48F2-879B-8CC69CA01F87}
	EndGlobalSection
EndGlobal
